# THIS IS AN AUTOGENERATED FILE. DO NOT EDIT THIS FILE DIRECTLY.
# yarn lockfile v1


"@nuxtjs/dayjs@^1.3.0":
  version "1.3.0"
  resolved "https://registry.yarnpkg.com/@nuxtjs/dayjs/-/dayjs-1.3.0.tgz#cc5593cfa9667f19748133d3ebb5070d13a8b43e"
  integrity sha512-2mm4hVF6YDPHBZpnwyiiEqFybU2cncY/0Ri5KnVpvKF0PCAvu3NCVxbGRItrBRaRjUq3dtaX7j+gUk1FKIkq9A==
  dependencies:
    consola "^2.3.2"
    dayjs "^1.8.9"

consola@^2.3.2:
  version "2.15.3"
  resolved "https://registry.yarnpkg.com/consola/-/consola-2.15.3.tgz#2e11f98d6a4be71ff72e0bdf07bd23e12cb61550"
  integrity sha512-9vAdYbHj6x2fLKC4+oPH0kFzY/orMZyG2Aj+kNylHxKGJ/Ed4dpNyAQYwJOdqO4zdM7XpVHmyejQDcQHrnuXbw==

dayjs@^1.8.9:
  version "1.10.4"
  resolved "https://registry.yarnpkg.com/dayjs/-/dayjs-1.10.4.tgz#8e544a9b8683f61783f570980a8a80eaf54ab1e2"
  integrity sha512-RI/Hh4kqRc1UKLOAf/T5zdMMX5DQIlDxwUe3wSyMMnEbGunnpENCdbUgM+dW7kXidZqCttBrmw7BhN4TMddkCw==
