# THIS IS AN AUTOGENERATED FILE. DO NOT EDIT THIS FILE DIRECTLY.
# yarn lockfile v1


"@nuxtjs/dayjs@^1.3.0":
  version "1.3.0"
  resolved "https://registry.yarnpkg.com/@nuxtjs/dayjs/-/dayjs-1.3.0.tgz#cc5593cfa9667f19748133d3ebb5070d13a8b43e"
  integrity sha512-2mm4hVF6YDPHBZpnwyiiEqFybU2cncY/0Ri5KnVpvKF0PCAvu3NCVxbGRItrBRaRjUq3dtaX7j+gUk1FKIkq9A==
  dependencies:
    consola "^2.3.2"
    dayjs "^1.8.9"

consola@^2.3.2:
  version "2.15.3"
  resolved "https://registry.yarnpkg.com/consola/-/consola-2.15.3.tgz#2e11f98d6a4be71ff72e0bdf07bd23e12cb61550"
  integrity sha512-9vAdYbHj6x2fLKC4+oPH0kFzY/orMZyG2Aj+kNylHxKGJ/Ed4dpNyAQYwJOdqO4zdM7XpVHmyejQDcQHrnuXbw==

cropperjs@^1.5.6:
  version "1.5.11"
  resolved "https://registry.yarnpkg.com/cropperjs/-/cropperjs-1.5.11.tgz#502ae6d8ca098b124de6813601cca70015879fc0"
  integrity sha512-SJUeBBhtNBnnn+UrLKluhFRIXLJn7XFPv8QN1j49X5t+BIMwkgvDev541f96bmu8Xe0TgCx3gON22KmY/VddaA==

dayjs@^1.8.9:
  version "1.10.4"
  resolved "https://registry.yarnpkg.com/dayjs/-/dayjs-1.10.4.tgz#8e544a9b8683f61783f570980a8a80eaf54ab1e2"
  integrity sha512-RI/Hh4kqRc1UKLOAf/T5zdMMX5DQIlDxwUe3wSyMMnEbGunnpENCdbUgM+dW7kXidZqCttBrmw7BhN4TMddkCw==

vue-cropperjs@^5.0.0:
  version "5.0.0"
  resolved "https://registry.yarnpkg.com/vue-cropperjs/-/vue-cropperjs-5.0.0.tgz#7f8cbc460737af3831b4ded634c95905198e329e"
  integrity sha512-RhnC8O33uRZNkn74aiHZwNHnBJOXWlS4P6gsRI0lw4cZlWjKSCywZI9oSI9POlIPI6OYv30jvnHMXGch85tw7w==
  dependencies:
    cropperjs "^1.5.6"

vue-filter-pretty-bytes@^0.1.6:
  version "0.1.6"
  resolved "https://registry.yarnpkg.com/vue-filter-pretty-bytes/-/vue-filter-pretty-bytes-0.1.6.tgz#33f763700f2ed52c9d641477357220ecd02768f7"
  integrity sha512-RcREeq5y4/So104i/A7F0xi3e5p6cxRsow+wxPClNHp07RH+k/y4g98Gzg5FZz+bavk5i+2YHmCZh2V0buN60Q==
